<?xml version="1.0" encoding="utf-8"?>
<Project ToolsVersion="4.0" xmlns="http://schemas.microsoft.com/developer/msbuild/2003">
  <ItemGroup>
    <Filter Include="ソース ファイル">
      <UniqueIdentifier>{4FC737F1-C7A5-4376-A066-2A32D752A2FF}</UniqueIdentifier>
      <Extensions>cpp;c;cc;cxx;def;odl;idl;hpj;bat;asm;asmx</Extensions>
    </Filter>
    <Filter Include="ヘッダー ファイル">
      <UniqueIdentifier>{93995380-89BD-4b04-88EB-625FBE52EBFB}</UniqueIdentifier>
      <Extensions>h;hh;hpp;hxx;hm;inl;inc;xsd</Extensions>
    </Filter>
    <Filter Include="リソース ファイル">
      <UniqueIdentifier>{67DA6AB6-F800-4c08-8B7A-83BB121AAD01}</UniqueIdentifier>
      <Extensions>rc;ico;cur;bmp;dlg;rc2;rct;bin;rgs;gif;jpg;jpeg;jpe;resx;tiff;tif;png;wav;mfcribbon-ms</Extensions>
    </Filter>
    <Filter Include="imgui">
      <UniqueIdentifier>{cd4905bc-658d-4e27-988d-72512d853bbb}</UniqueIdentifier>
    </Filter>
    <Filter Include="ソース ファイル\particle">
      <UniqueIdentifier>{56758089-f84a-4ed9-aec4-a278de66023c}</UniqueIdentifier>
    </Filter>
    <Filter Include="File">
      <UniqueIdentifier>{1bcada9d-c9bd-4d18-b477-566214edb108}</UniqueIdentifier>
    </Filter>
  </ItemGroup>
  <ItemGroup>
    <ClCompile Include="BG.cpp">
      <Filter>ソース ファイル</Filter>
    </ClCompile>
    <ClCompile Include="main.cpp">
      <Filter>ソース ファイル</Filter>
    </ClCompile>
    <ClCompile Include="file.cpp">
      <Filter>ソース ファイル</Filter>
    </ClCompile>
    <ClCompile Include="letter.cpp">
      <Filter>ソース ファイル</Filter>
    </ClCompile>
    <ClCompile Include="imgui_property.cpp">
      <Filter>ソース ファイル</Filter>
    </ClCompile>
    <ClCompile Include="utility.cpp">
      <Filter>ソース ファイル</Filter>
    </ClCompile>
    <ClCompile Include="renderer.cpp">
      <Filter>ソース ファイル</Filter>
    </ClCompile>
    <ClCompile Include="implot_demo.cpp">
      <Filter>ソース ファイル</Filter>
    </ClCompile>
    <ClCompile Include="object.cpp">
      <Filter>ソース ファイル</Filter>
    </ClCompile>
    <ClCompile Include="object2d.cpp">
      <Filter>ソース ファイル</Filter>
    </ClCompile>
    <ClCompile Include="texture.cpp">
      <Filter>ソース ファイル</Filter>
    </ClCompile>
    <ClCompile Include="application.cpp">
      <Filter>ソース ファイル</Filter>
    </ClCompile>
    <ClCompile Include="input.cpp">
      <Filter>ソース ファイル</Filter>
    </ClCompile>
    <ClCompile Include="particle.cpp">
      <Filter>ソース ファイル\particle</Filter>
    </ClCompile>
    <ClCompile Include="particle_edit.cpp">
      <Filter>ソース ファイル\particle</Filter>
    </ClCompile>
    <ClCompile Include="particle_emitter.cpp">
      <Filter>ソース ファイル\particle</Filter>
    </ClCompile>
    <ClCompile Include="particle_manager.cpp">
      <Filter>ソース ファイル\particle</Filter>
    </ClCompile>
    <ClCompile Include="particle_imgui.cpp">
      <Filter>ソース ファイル\particle</Filter>
    </ClCompile>
    <ClCompile Include="..\..\エディター製作\imgui\backends\imgui_impl_allegro5.cpp">
      <Filter>imgui</Filter>
    </ClCompile>
    <ClCompile Include="..\..\エディター製作\imgui\backends\imgui_impl_android.cpp">
      <Filter>imgui</Filter>
    </ClCompile>
    <ClCompile Include="..\..\エディター製作\imgui\backends\imgui_impl_dx10.cpp">
      <Filter>imgui</Filter>
    </ClCompile>
    <ClCompile Include="..\..\エディター製作\imgui\backends\imgui_impl_dx11.cpp">
      <Filter>imgui</Filter>
    </ClCompile>
    <ClCompile Include="..\..\エディター製作\imgui\backends\imgui_impl_dx9.cpp">
      <Filter>imgui</Filter>
    </ClCompile>
    <ClCompile Include="..\..\エディター製作\imgui\backends\imgui_impl_win32.cpp">
      <Filter>imgui</Filter>
    </ClCompile>
    <ClCompile Include="..\..\エディター製作\imgui\imgui.cpp">
      <Filter>imgui</Filter>
    </ClCompile>
    <ClCompile Include="..\..\エディター製作\imgui\imgui_demo.cpp">
      <Filter>imgui</Filter>
    </ClCompile>
    <ClCompile Include="..\..\エディター製作\imgui\imgui_draw.cpp">
      <Filter>imgui</Filter>
    </ClCompile>
    <ClCompile Include="..\..\エディター製作\imgui\imgui_impl_dx9.cpp">
      <Filter>imgui</Filter>
    </ClCompile>
    <ClCompile Include="..\..\エディター製作\imgui\imgui_impl_win32.cpp">
      <Filter>imgui</Filter>
    </ClCompile>
    <ClCompile Include="..\..\エディター製作\imgui\imgui_tables.cpp">
      <Filter>imgui</Filter>
    </ClCompile>
    <ClCompile Include="..\..\エディター製作\imgui\imgui_widgets.cpp">
      <Filter>imgui</Filter>
    </ClCompile>
    <ClCompile Include="..\..\エディター製作\imgui\imgui_widget_flamegraph.cpp">
      <Filter>imgui</Filter>
    </ClCompile>
    <ClCompile Include="..\..\エディター製作\imgui\implot.cpp">
      <Filter>imgui</Filter>
    </ClCompile>
    <ClCompile Include="..\..\エディター製作\imgui\implot_demo.cpp">
      <Filter>imgui</Filter>
    </ClCompile>
    <ClCompile Include="..\..\エディター製作\imgui\implot_items.cpp">
      <Filter>imgui</Filter>
    </ClCompile>
  </ItemGroup>
  <ItemGroup>
    <ClInclude Include="utility.h">
      <Filter>ソース ファイル</Filter>
    </ClInclude>
    <ClInclude Include="application.h">
      <Filter>ソース ファイル</Filter>
    </ClInclude>
    <ClInclude Include="BG.h">
      <Filter>ソース ファイル</Filter>
    </ClInclude>
    <ClInclude Include="file.h">
      <Filter>ソース ファイル</Filter>
    </ClInclude>
    <ClInclude Include="imgui_property.h">
      <Filter>ソース ファイル</Filter>
    </ClInclude>
    <ClInclude Include="input.h">
      <Filter>ソース ファイル</Filter>
    </ClInclude>
    <ClInclude Include="letter.h">
      <Filter>ソース ファイル</Filter>
    </ClInclude>
    <ClInclude Include="main.h">
      <Filter>ソース ファイル</Filter>
    </ClInclude>
    <ClInclude Include="object.h">
      <Filter>ソース ファイル</Filter>
    </ClInclude>
    <ClInclude Include="object2d.h">
      <Filter>ソース ファイル</Filter>
    </ClInclude>
    <ClInclude Include="renderer.h">
      <Filter>ソース ファイル</Filter>
    </ClInclude>
    <ClInclude Include="resource.h">
      <Filter>ソース ファイル</Filter>
    </ClInclude>
    <ClInclude Include="resource1.h">
      <Filter>ソース ファイル</Filter>
    </ClInclude>
    <ClInclude Include="texture.h">
      <Filter>ソース ファイル</Filter>
    </ClInclude>
    <ClInclude Include="particle.h">
      <Filter>ソース ファイル\particle</Filter>
    </ClInclude>
    <ClInclude Include="particle_edit.h">
      <Filter>ソース ファイル\particle</Filter>
    </ClInclude>
    <ClInclude Include="particle_emitter.h">
      <Filter>ソース ファイル\particle</Filter>
    </ClInclude>
    <ClInclude Include="particle_manager.h">
      <Filter>ソース ファイル\particle</Filter>
    </ClInclude>
    <ClInclude Include="particle_imgui.h">
      <Filter>ソース ファイル\particle</Filter>
    </ClInclude>
    <ClInclude Include="..\..\エディター製作\imgui\backends\imgui_impl_allegro5.h">
      <Filter>imgui</Filter>
    </ClInclude>
    <ClInclude Include="..\..\エディター製作\imgui\backends\imgui_impl_android.h">
      <Filter>imgui</Filter>
    </ClInclude>
    <ClInclude Include="..\..\エディター製作\imgui\backends\imgui_impl_dx10.h">
      <Filter>imgui</Filter>
    </ClInclude>
    <ClInclude Include="..\..\エディター製作\imgui\backends\imgui_impl_dx9.h">
      <Filter>imgui</Filter>
    </ClInclude>
    <ClInclude Include="..\..\エディター製作\imgui\backends\imgui_impl_win32.h">
      <Filter>imgui</Filter>
    </ClInclude>
    <ClInclude Include="..\..\エディター製作\imgui\imconfig.h">
      <Filter>imgui</Filter>
    </ClInclude>
    <ClInclude Include="..\..\エディター製作\imgui\imgui.h">
      <Filter>imgui</Filter>
    </ClInclude>
    <ClInclude Include="..\..\エディター製作\imgui\imgui_impl_dx9.h">
      <Filter>imgui</Filter>
    </ClInclude>
    <ClInclude Include="..\..\エディター製作\imgui\imgui_impl_win32.h">
      <Filter>imgui</Filter>
    </ClInclude>
    <ClInclude Include="..\..\エディター製作\imgui\imgui_internal.h">
      <Filter>imgui</Filter>
    </ClInclude>
    <ClInclude Include="..\..\エディター製作\imgui\imgui_widget_flamegraph.h">
      <Filter>imgui</Filter>
    </ClInclude>
    <ClInclude Include="..\..\エディター製作\imgui\implot.h">
      <Filter>imgui</Filter>
    </ClInclude>
    <ClInclude Include="..\..\エディター製作\imgui\implot_internal.h">
      <Filter>imgui</Filter>
    </ClInclude>
    <ClInclude Include="..\..\エディター製作\imgui\imstb_rectpack.h">
      <Filter>imgui</Filter>
    </ClInclude>
    <ClInclude Include="..\..\エディター製作\imgui\imstb_textedit.h">
      <Filter>imgui</Filter>
    </ClInclude>
    <ClInclude Include="..\..\エディター製作\imgui\imstb_truetype.h">
      <Filter>imgui</Filter>
    </ClInclude>
  </ItemGroup>
  <ItemGroup>
    <None Include="packages.config" />
    <None Include="data\FILE\DataEffectOutput2.json">
      <Filter>File</Filter>
    </None>
    <None Include="data\FILE\DataEffectOutput.json">
      <Filter>File</Filter>
    </None>
  </ItemGroup>
  <ItemGroup>
    <ResourceCompile Include="icon.rc">
      <Filter>リソース ファイル</Filter>
    </ResourceCompile>
  </ItemGroup>
</Project>